
Microsoft Visual Studio Solution File, Format Version 12.00
# Visual Studio Version 16
VisualStudioVersion = 16.0.31410.357
MinimumVisualStudioVersion = 10.0.40219.1
Project("{FAE04EC0-301F-11D3-BF4B-00C04F79EFBC}") = "Project_EL", "Project_EL\Project_EL.csproj", "{419F1EE3-91DD-4A30-B78B-EF55FBDA4BF5}"
EndProject
Global
	GlobalSection(SolutionConfigurationPlatforms) = preSolution
		Debug|Any CPU = Debug|Any CPU
		Release|Any CPU = Release|Any CPU
	EndGlobalSection
	GlobalSection(ProjectConfigurationPlatforms) = postSolution
		{419F1EE3-91DD-4A30-B78B-EF55FBDA4BF5}.Debug|Any CPU.ActiveCfg = Debug|Any CPU
		{419F1EE3-91DD-4A30-B78B-EF55FBDA4BF5}.Debug|Any CPU.Build.0 = Debug|Any CPU
		{419F1EE3-91DD-4A30-B78B-EF55FBDA4BF5}.Release|Any CPU.ActiveCfg = Release|Any CPU
		{419F1EE3-91DD-4A30-B78B-EF55FBDA4BF5}.Release|Any CPU.Build.0 = Release|Any CPU
	EndGlobalSection
	GlobalSection(SolutionProperties) = preSolution
		HideSolutionNode = FALSE
	EndGlobalSection
	GlobalSection(ExtensibilityGlobals) = postSolution
		SolutionGuid = {2756FB6F-444A-4BB0-BED0-B944D691CD7B}
	EndGlobalSection
EndGlobal
